
Microsoft Visual Studio Solution File, Format Version 12.00
# Visual Studio 15
VisualStudioVersion = 15.0.28307.168
MinimumVisualStudioVersion = 10.0.40219.1
Project("{FAE04EC0-301F-11D3-BF4B-00C04F79EFBC}") = "Figuras_Primitivas", "Figuras_Primitivas\Figuras_Primitivas.csproj", "{AEA5D95B-59A6-4BAA-B9C1-D7224DE385A9}"
EndProject
Global
	GlobalSection(SolutionConfigurationPlatforms) = preSolution
		Debug|Any CPU = Debug|Any CPU
		Release|Any CPU = Release|Any CPU
	EndGlobalSection
	GlobalSection(ProjectConfigurationPlatforms) = postSolution
		{AEA5D95B-59A6-4BAA-B9C1-D7224DE385A9}.Debug|Any CPU.ActiveCfg = Debug|Any CPU
		{AEA5D95B-59A6-4BAA-B9C1-D7224DE385A9}.Debug|Any CPU.Build.0 = Debug|Any CPU
		{AEA5D95B-59A6-4BAA-B9C1-D7224DE385A9}.Release|Any CPU.ActiveCfg = Release|Any CPU
		{AEA5D95B-59A6-4BAA-B9C1-D7224DE385A9}.Release|Any CPU.Build.0 = Release|Any CPU
	EndGlobalSection
	GlobalSection(SolutionProperties) = preSolution
		HideSolutionNode = FALSE
	EndGlobalSection
	GlobalSection(ExtensibilityGlobals) = postSolution
		SolutionGuid = {0255233C-A249-4C39-91B7-655CD544C3A6}
	EndGlobalSection
EndGlobal
